
Microsoft Visual Studio Solution File, Format Version 12.00
# Visual Studio Version 16
VisualStudioVersion = 16.0.32106.194
MinimumVisualStudioVersion = 10.0.40219.1
Project("{888888A0-9F3D-457C-B088-3A5042F75D52}") = "Tytanic_R", "Tytanic_R\Tytanic_R.pyproj", "{3554683A-6C72-426E-AE41-67779C2F0379}"
EndProject
Global
	GlobalSection(SolutionConfigurationPlatforms) = preSolution
		Debug|Any CPU = Debug|Any CPU
		Release|Any CPU = Release|Any CPU
	EndGlobalSection
	GlobalSection(ProjectConfigurationPlatforms) = postSolution
		{3554683A-6C72-426E-AE41-67779C2F0379}.Debug|Any CPU.ActiveCfg = Debug|Any CPU
		{3554683A-6C72-426E-AE41-67779C2F0379}.Release|Any CPU.ActiveCfg = Release|Any CPU
	EndGlobalSection
	GlobalSection(SolutionProperties) = preSolution
		HideSolutionNode = FALSE
	EndGlobalSection
	GlobalSection(ExtensibilityGlobals) = postSolution
		SolutionGuid = {8320B41C-4B2D-467B-A7DE-C8B64F4C2273}
	EndGlobalSection
EndGlobal
